
Microsoft Visual Studio Solution File, Format Version 12.00
# Visual Studio 15
VisualStudioVersion = 15.0.27428.2015
MinimumVisualStudioVersion = 10.0.40219.1
Project("{E24C65DC-7377-472B-9ABA-BC803B73C61A}") = "SemistrukturalneJeszczeRaz", "SemistrukturalneJeszczeRaz\", "{7A4C8DF1-8C13-498D-8A8F-7BA63460C776}"
	ProjectSection(WebsiteProperties) = preProject
		TargetFrameworkMoniker = ".NETFramework,Version%3Dv4.6.1"
		Debug.AspNetCompiler.VirtualPath = "/localhost_60008"
		Debug.AspNetCompiler.PhysicalPath = "SemistrukturalneJeszczeRaz\"
		Debug.AspNetCompiler.TargetPath = "PrecompiledWeb\localhost_60008\"
		Debug.AspNetCompiler.Updateable = "true"
		Debug.AspNetCompiler.ForceOverwrite = "true"
		Debug.AspNetCompiler.FixedNames = "false"
		Debug.AspNetCompiler.Debug = "True"
		Release.AspNetCompiler.VirtualPath = "/localhost_60008"
		Release.AspNetCompiler.PhysicalPath = "SemistrukturalneJeszczeRaz\"
		Release.AspNetCompiler.TargetPath = "PrecompiledWeb\localhost_60008\"
		Release.AspNetCompiler.Updateable = "true"
		Release.AspNetCompiler.ForceOverwrite = "true"
		Release.AspNetCompiler.FixedNames = "false"
		Release.AspNetCompiler.Debug = "False"
		VWDPort = "60008"
		SlnRelativePath = "SemistrukturalneJeszczeRaz\"
		DefaultWebSiteLanguage = "Visual C#"
	EndProjectSection
EndProject
Global
	GlobalSection(SolutionConfigurationPlatforms) = preSolution
		Debug|Any CPU = Debug|Any CPU
	EndGlobalSection
	GlobalSection(ProjectConfigurationPlatforms) = postSolution
		{7A4C8DF1-8C13-498D-8A8F-7BA63460C776}.Debug|Any CPU.ActiveCfg = Debug|Any CPU
		{7A4C8DF1-8C13-498D-8A8F-7BA63460C776}.Debug|Any CPU.Build.0 = Debug|Any CPU
	EndGlobalSection
	GlobalSection(SolutionProperties) = preSolution
		HideSolutionNode = FALSE
	EndGlobalSection
	GlobalSection(ExtensibilityGlobals) = postSolution
		SolutionGuid = {6396611B-738B-4BB2-8439-7B1F1E71E6ED}
	EndGlobalSection
EndGlobal
